
Microsoft Visual Studio Solution File, Format Version 12.00
# Visual Studio Version 17
VisualStudioVersion = 17.0.31903.59
MinimumVisualStudioVersion = 10.0.40219.1
Project("{FAE04EC0-301F-11D3-BF4B-00C04F79EFBC}") = "RouteFinder.Api", "RouteFinder.Api\RouteFinder.Api.csproj", "{ABE58C8B-FDE8-4C9E-849A-FABBF4B91407}"
EndProject
Project("{FAE04EC0-301F-11D3-BF4B-00C04F79EFBC}") = "RouteFinder.Domain", "RouteFinder.Domain\RouteFinder.Domain.csproj", "{EC6FA48E-8E35-4142-8EE6-10D5C18849C1}"
EndProject
Project("{FAE04EC0-301F-11D3-BF4B-00C04F79EFBC}") = "RouteFinder.Application", "RouteFinder.Application\RouteFinder.Application.csproj", "{69663D28-6522-4BF1-90E6-1377ED943B67}"
EndProject
Project("{FAE04EC0-301F-11D3-BF4B-00C04F79EFBC}") = "RouteFinder.Infrastructure", "RouteFinder.Infrastructure\RouteFinder.Infrastructure.csproj", "{B6D0A1C9-88F6-4AF1-8654-EA4CBA2FD871}"
EndProject
Project("{2150E333-8FDC-42A3-9474-1A3956D46DE8}") = "tests", "tests", "{A3C055B6-1D73-40A8-B7C2-FDEBF8D5624A}"
EndProject
Project("{2150E333-8FDC-42A3-9474-1A3956D46DE8}") = "src", "src", "{BAEFCDA1-1F92-4C85-9F1C-486180A58AA2}"
	ProjectSection(SolutionItems) = preProject
		docker-compose.yml = docker-compose.yml
	EndProjectSection
EndProject
Project("{FAE04EC0-301F-11D3-BF4B-00C04F79EFBC}") = "RouteFinder.Tests", "RouteFinder.Tests\RouteFinder.Tests.csproj", "{98781B5F-A8A1-4ABC-A49F-4DA9219ACA82}"
EndProject
Project("{FAE04EC0-301F-11D3-BF4B-00C04F79EFBC}") = "RouteFinder.Cache.Redis", "RouteFinder.Cache.Redis\RouteFinder.Cache.Redis.csproj", "{A0EA6794-4E0B-4814-A2EA-70E741D7CED4}"
EndProject
Project("{FAE04EC0-301F-11D3-BF4B-00C04F79EFBC}") = "RouteFinder.Kafka", "RouteFinder.Kafka\RouteFinder.Kafka.csproj", "{291EC8BC-9278-4B61-8385-96C8BE14DD14}"
EndProject
Project("{FAE04EC0-301F-11D3-BF4B-00C04F79EFBC}") = "RouteFinder.RabbitMq", "RouteFinder.RabbitMq\RouteFinder.RabbitMq.csproj", "{4DC852DA-67FA-45CA-8F75-068D76FE0AAD}"
EndProject
Project("{FAE04EC0-301F-11D3-BF4B-00C04F79EFBC}") = "RouteFinder.DragonFly", "RouteFinder.DragonFly\RouteFinder.DragonFly.csproj", "{40388171-55E8-4A7C-BF3B-00A501F64645}"
EndProject
Project("{FAE04EC0-301F-11D3-BF4B-00C04F79EFBC}") = "RouteFinder.SearchServiceOne", "RouteFinder.SearchServiceOne\RouteFinder.SearchServiceOne.csproj", "{023A5480-C052-4369-92A2-47E45B0395BE}"
EndProject
Global
	GlobalSection(SolutionConfigurationPlatforms) = preSolution
		Debug|Any CPU = Debug|Any CPU
		Release|Any CPU = Release|Any CPU
	EndGlobalSection
	GlobalSection(SolutionProperties) = preSolution
		HideSolutionNode = FALSE
	EndGlobalSection
	GlobalSection(ProjectConfigurationPlatforms) = postSolution
		{ABE58C8B-FDE8-4C9E-849A-FABBF4B91407}.Debug|Any CPU.ActiveCfg = Debug|Any CPU
		{ABE58C8B-FDE8-4C9E-849A-FABBF4B91407}.Debug|Any CPU.Build.0 = Debug|Any CPU
		{ABE58C8B-FDE8-4C9E-849A-FABBF4B91407}.Release|Any CPU.ActiveCfg = Release|Any CPU
		{ABE58C8B-FDE8-4C9E-849A-FABBF4B91407}.Release|Any CPU.Build.0 = Release|Any CPU
		{EC6FA48E-8E35-4142-8EE6-10D5C18849C1}.Debug|Any CPU.ActiveCfg = Debug|Any CPU
		{EC6FA48E-8E35-4142-8EE6-10D5C18849C1}.Debug|Any CPU.Build.0 = Debug|Any CPU
		{EC6FA48E-8E35-4142-8EE6-10D5C18849C1}.Release|Any CPU.ActiveCfg = Release|Any CPU
		{EC6FA48E-8E35-4142-8EE6-10D5C18849C1}.Release|Any CPU.Build.0 = Release|Any CPU
		{69663D28-6522-4BF1-90E6-1377ED943B67}.Debug|Any CPU.ActiveCfg = Debug|Any CPU
		{69663D28-6522-4BF1-90E6-1377ED943B67}.Debug|Any CPU.Build.0 = Debug|Any CPU
		{69663D28-6522-4BF1-90E6-1377ED943B67}.Release|Any CPU.ActiveCfg = Release|Any CPU
		{69663D28-6522-4BF1-90E6-1377ED943B67}.Release|Any CPU.Build.0 = Release|Any CPU
		{B6D0A1C9-88F6-4AF1-8654-EA4CBA2FD871}.Debug|Any CPU.ActiveCfg = Debug|Any CPU
		{B6D0A1C9-88F6-4AF1-8654-EA4CBA2FD871}.Debug|Any CPU.Build.0 = Debug|Any CPU
		{B6D0A1C9-88F6-4AF1-8654-EA4CBA2FD871}.Release|Any CPU.ActiveCfg = Release|Any CPU
		{B6D0A1C9-88F6-4AF1-8654-EA4CBA2FD871}.Release|Any CPU.Build.0 = Release|Any CPU
		{98781B5F-A8A1-4ABC-A49F-4DA9219ACA82}.Debug|Any CPU.ActiveCfg = Debug|Any CPU
		{98781B5F-A8A1-4ABC-A49F-4DA9219ACA82}.Debug|Any CPU.Build.0 = Debug|Any CPU
		{98781B5F-A8A1-4ABC-A49F-4DA9219ACA82}.Release|Any CPU.ActiveCfg = Release|Any CPU
		{98781B5F-A8A1-4ABC-A49F-4DA9219ACA82}.Release|Any CPU.Build.0 = Release|Any CPU
		{A0EA6794-4E0B-4814-A2EA-70E741D7CED4}.Debug|Any CPU.ActiveCfg = Debug|Any CPU
		{A0EA6794-4E0B-4814-A2EA-70E741D7CED4}.Debug|Any CPU.Build.0 = Debug|Any CPU
		{A0EA6794-4E0B-4814-A2EA-70E741D7CED4}.Release|Any CPU.ActiveCfg = Release|Any CPU
		{A0EA6794-4E0B-4814-A2EA-70E741D7CED4}.Release|Any CPU.Build.0 = Release|Any CPU
		{291EC8BC-9278-4B61-8385-96C8BE14DD14}.Debug|Any CPU.ActiveCfg = Debug|Any CPU
		{291EC8BC-9278-4B61-8385-96C8BE14DD14}.Debug|Any CPU.Build.0 = Debug|Any CPU
		{291EC8BC-9278-4B61-8385-96C8BE14DD14}.Release|Any CPU.ActiveCfg = Release|Any CPU
		{291EC8BC-9278-4B61-8385-96C8BE14DD14}.Release|Any CPU.Build.0 = Release|Any CPU
		{4DC852DA-67FA-45CA-8F75-068D76FE0AAD}.Debug|Any CPU.ActiveCfg = Debug|Any CPU
		{4DC852DA-67FA-45CA-8F75-068D76FE0AAD}.Debug|Any CPU.Build.0 = Debug|Any CPU
		{4DC852DA-67FA-45CA-8F75-068D76FE0AAD}.Release|Any CPU.ActiveCfg = Release|Any CPU
		{4DC852DA-67FA-45CA-8F75-068D76FE0AAD}.Release|Any CPU.Build.0 = Release|Any CPU
		{40388171-55E8-4A7C-BF3B-00A501F64645}.Debug|Any CPU.ActiveCfg = Debug|Any CPU
		{40388171-55E8-4A7C-BF3B-00A501F64645}.Debug|Any CPU.Build.0 = Debug|Any CPU
		{40388171-55E8-4A7C-BF3B-00A501F64645}.Release|Any CPU.ActiveCfg = Release|Any CPU
		{40388171-55E8-4A7C-BF3B-00A501F64645}.Release|Any CPU.Build.0 = Release|Any CPU
		{023A5480-C052-4369-92A2-47E45B0395BE}.Debug|Any CPU.ActiveCfg = Debug|Any CPU
		{023A5480-C052-4369-92A2-47E45B0395BE}.Debug|Any CPU.Build.0 = Debug|Any CPU
		{023A5480-C052-4369-92A2-47E45B0395BE}.Release|Any CPU.ActiveCfg = Release|Any CPU
		{023A5480-C052-4369-92A2-47E45B0395BE}.Release|Any CPU.Build.0 = Release|Any CPU
	EndGlobalSection
	GlobalSection(NestedProjects) = preSolution
		{ABE58C8B-FDE8-4C9E-849A-FABBF4B91407} = {BAEFCDA1-1F92-4C85-9F1C-486180A58AA2}
		{69663D28-6522-4BF1-90E6-1377ED943B67} = {BAEFCDA1-1F92-4C85-9F1C-486180A58AA2}
		{EC6FA48E-8E35-4142-8EE6-10D5C18849C1} = {BAEFCDA1-1F92-4C85-9F1C-486180A58AA2}
		{B6D0A1C9-88F6-4AF1-8654-EA4CBA2FD871} = {BAEFCDA1-1F92-4C85-9F1C-486180A58AA2}
		{98781B5F-A8A1-4ABC-A49F-4DA9219ACA82} = {A3C055B6-1D73-40A8-B7C2-FDEBF8D5624A}
		{A0EA6794-4E0B-4814-A2EA-70E741D7CED4} = {BAEFCDA1-1F92-4C85-9F1C-486180A58AA2}
		{291EC8BC-9278-4B61-8385-96C8BE14DD14} = {BAEFCDA1-1F92-4C85-9F1C-486180A58AA2}
		{4DC852DA-67FA-45CA-8F75-068D76FE0AAD} = {BAEFCDA1-1F92-4C85-9F1C-486180A58AA2}
		{40388171-55E8-4A7C-BF3B-00A501F64645} = {BAEFCDA1-1F92-4C85-9F1C-486180A58AA2}
		{023A5480-C052-4369-92A2-47E45B0395BE} = {BAEFCDA1-1F92-4C85-9F1C-486180A58AA2}
	EndGlobalSection
EndGlobal
